// !$*UTF8*$!
{
	archiveVersion = 1;
	classes = {
	};
	objectVersion = 46;
	objects = {

/* Begin PBXBuildFile section */
		5F3FCAD61C1A0F41009A4E03 /* AppDelegate.swift in Sources */ = {isa = PBXBuildFile; fileRef = 5F3FCAD51C1A0F41009A4E03 /* AppDelegate.swift */; };
		5F3FCAD81C1A0F41009A4E03 /* ViewController.swift in Sources */ = {isa = PBXBuildFile; fileRef = 5F3FCAD71C1A0F41009A4E03 /* ViewController.swift */; };
		5F3FCADB1C1A0F41009A4E03 /* Main.storyboard in Resources */ = {isa = PBXBuildFile; fileRef = 5F3FCAD91C1A0F41009A4E03 /* Main.storyboard */; };
		5F3FCADD1C1A0F41009A4E03 /* Assets.xcassets in Resources */ = {isa = PBXBuildFile; fileRef = 5F3FCADC1C1A0F41009A4E03 /* Assets.xcassets */; };
		5F3FCAE01C1A0F41009A4E03 /* LaunchScreen.storyboard in Resources */ = {isa = PBXBuildFile; fileRef = 5F3FCADE1C1A0F41009A4E03 /* LaunchScreen.storyboard */; };
/* End PBXBuildFile section */

/* Begin PBXFileReference section */
		5F3FCAD21C1A0F41009A4E03 /* miDiccionario.app */ = {isa = PBXFileReference; explicitFileType = wrapper.application; includeInIndex = 0; path = miDiccionario.app; sourceTree = BUILT_PRODUCTS_DIR; };
		5F3FCAD51C1A0F41009A4E03 /* AppDelegate.swift */ = {isa = PBXFileReference; lastKnownFileType = sourcecode.swift; path = AppDelegate.swift; sourceTree = "<group>"; };
		5F3FCAD71C1A0F41009A4E03 /* ViewController.swift */ = {isa = PBXFileReference; lastKnownFileType = sourcecode.swift; path = ViewController.swift; sourceTree = "<group>"; };
		5F3FCADA1C1A0F41009A4E03 /* Base */ = {isa = PBXFileReference; lastKnownFileType = file.storyboard; name = Base; path = Base.lproj/Main.storyboard; sourceTree = "<group>"; };
		5F3FCADC1C1A0F41009A4E03 /* Assets.xcassets */ = {isa = PBXFileReference; lastKnownFileType = folder.assetcatalog; path = Assets.xcassets; sourceTree = "<group>"; };
		5F3FCADF1C1A0F41009A4E03 /* Base */ = {isa = PBXFileReference; lastKnownFileType = file.storyboard; name = Base; path = Base.lproj/LaunchScreen.storyboard; sourceTree = "<group>"; };
		5F3FCAE11C1A0F41009A4E03 /* Info.plist */ = {isa = PBXFileReference; lastKnownFileType = text.plist.xml; path = Info.plist; sourceTree = "<group>"; };
/* End PBXFileReference section */

/* Begin PBXFrameworksBuildPhase section */
		5F3FCACF1C1A0F41009A4E03 /* Frameworks */ = {
			isa = PBXFrameworksBuildPhase;
			buildActionMask = 2147483647;
			files = (
			);
			runOnlyForDeploymentPostprocessing = 0;
		};
/* End PBXFrameworksBuildPhase section */

/* Begin PBXGroup section */
		5F3FCAC91C1A0F41009A4E03 = {
			isa = PBXGroup;
			children = (
				5F3FCAD41C1A0F41009A4E03 /* miDiccionario */,
				5F3FCAD31C1A0F41009A4E03 /* Products */,
			);
			sourceTree = "<group>";
		};
		5F3FCAD31C1A0F41009A4E03 /* Products */ = {
			isa = PBXGroup;
			children = (
				5F3FCAD21C1A0F41009A4E03 /* miDiccionario.app */,
			);
			name = Products;
			sourceTree = "<group>";
		};
		5F3FCAD41C1A0F41009A4E03 /* miDiccionario */ = {
			isa = PBXGroup;
			children = (
				5F3FCAD51C1A0F41009A4E03 /* AppDelegate.swift */,
				5F3FCAD71C1A0F41009A4E03 /* ViewController.swift */,
				5F3FCAD91C1A0F41009A4E03 /* Main.storyboard */,
				5F3FCADC1C1A0F41009A4E03 /* Assets.xcassets */,
				5F3FCADE1C1A0F41009A4E03 /* LaunchScreen.storyboard */,
				5F3FCAE11C1A0F41009A4E03 /* Info.plist */,
			);
			path = miDiccionario;
			sourceTree = "<group>";
		};
/* End PBXGroup section */

/* Begin PBXNativeTarget section */
		5F3FCAD11C1A0F41009A4E03 /* miDiccionario */ = {
			isa = PBXNativeTarget;
			buildConfigurationList = 5F3FCAE41C1A0F41009A4E03 /* Build configuration list for PBXNativeTarget "miDiccionario" */;
			buildPhases = (
				5F3FCACE1C1A0F41009A4E03 /* Sources */,
				5F3FCACF1C1A0F41009A4E03 /* Frameworks */,
				5F3FCAD01C1A0F41009A4E03 /* Resources */,
			);
			buildRules = (
			);
			dependencies = (
			);
			name = miDiccionario;
			productName = miDiccionario;
			productReference = 5F3FCAD21C1A0F41009A4E03 /* miDiccionario.app */;
			productType = "com.apple.product-type.application";
		};
/* End PBXNativeTarget section */

/* Begin PBXProject section */
		5F3FCACA1C1A0F41009A4E03 /* Project object */ = {
			isa = PBXProject;
			attributes = {
				LastSwiftUpdateCheck = 0710;
				LastUpgradeCheck = 0710;
				ORGANIZATIONNAME = Egibide;
				TargetAttributes = {
					5F3FCAD11C1A0F41009A4E03 = {
						CreatedOnToolsVersion = 7.1;
					};
				};
			};
			buildConfigurationList = 5F3FCACD1C1A0F41009A4E03 /* Build configuration list for PBXProject "miDiccionario" */;
			compatibilityVersion = "Xcode 3.2";
			developmentRegion = English;
			hasScannedForEncodings = 0;
			knownRegions = (
				en,
				Base,
			);
			mainGroup = 5F3FCAC91C1A0F41009A4E03;
			productRefGroup = 5F3FCAD31C1A0F41009A4E03 /* Products */;
			projectDirPath = "";
			projectRoot = "";
			targets = (
				5F3FCAD11C1A0F41009A4E03 /* miDiccionario */,
			);
		};
/* End PBXProject section */

/* Begin PBXResourcesBuildPhase section */
		5F3FCAD01C1A0F41009A4E03 /* Resources */ = {
			isa = PBXResourcesBuildPhase;
			buildActionMask = 2147483647;
			files = (
				5F3FCAE01C1A0F41009A4E03 /* LaunchScreen.storyboard in Resources */,
				5F3FCADD1C1A0F41009A4E03 /* Assets.xcassets in Resources */,
				5F3FCADB1C1A0F41009A4E03 /* Main.storyboard in Resources */,
			);
			runOnlyForDeploymentPostprocessing = 0;
		};
/* End PBXResourcesBuildPhase section */

/* Begin PBXSourcesBuildPhase section */
		5F3FCACE1C1A0F41009A4E03 /* Sources */ = {
			isa = PBXSourcesBuildPhase;
			buildActionMask = 2147483647;
			files = (
				5F3FCAD81C1A0F41009A4E03 /* ViewController.swift in Sources */,
				5F3FCAD61C1A0F41009A4E03 /* AppDelegate.swift in Sources */,
			);
			runOnlyForDeploymentPostprocessing = 0;
		};
/* End PBXSourcesBuildPhase section */

/* Begin PBXVariantGroup section */
		5F3FCAD91C1A0F41009A4E03 /* Main.storyboard */ = {
			isa = PBXVariantGroup;
			children = (
				5F3FCADA1C1A0F41009A4E03 /* Base */,
			);
			name = Main.storyboard;
			sourceTree = "<group>";
		};
		5F3FCADE1C1A0F41009A4E03 /* LaunchScreen.storyboard */ = {
			isa = PBXVariantGroup;
			children = (
				5F3FCADF1C1A0F41009A4E03 /* Base */,
			);
			name = LaunchScreen.storyboard;
			sourceTree = "<group>";
		};
/* End PBXVariantGroup section */

/* Begin XCBuildConfiguration section */
		5F3FCAE21C1A0F41009A4E03 /* Debug */ = {
			isa = XCBuildConfiguration;
			buildSettings = {
				ALWAYS_SEARCH_USER_PATHS = NO;
				CLANG_CXX_LANGUAGE_STANDARD = "gnu++0x";
				CLANG_CXX_LIBRARY = "libc++";
				CLANG_ENABLE_MODULES = YES;
				CLANG_ENABLE_OBJC_ARC = YES;
				CLANG_WARN_BOOL_CONVERSION = YES;
				CLANG_WARN_CONSTANT_CONVERSION = YES;
				CLANG_WARN_DIRECT_OBJC_ISA_USAGE = YES_ERROR;
				CLANG_WARN_EMPTY_BODY = YES;
				CLANG_WARN_ENUM_CONVERSION = YES;
				CLANG_WARN_INT_CONVERSION = YES;
				CLANG_WARN_OBJC_ROOT_CLASS = YES_ERROR;
				CLANG_WARN_UNREACHABLE_CODE = YES;
				CLANG_WARN__DUPLICATE_METHOD_MATCH = YES;
				"CODE_SIGN_IDENTITY[sdk=iphoneos*]" = "iPhone Developer";
				COPY_PHASE_STRIP = NO;
				DEBUG_INFORMATION_FORMAT = dwarf;
				ENABLE_STRICT_OBJC_MSGSEND = YES;
				ENABLE_TESTABILITY = YES;
				GCC_C_LANGUAGE_STANDARD = gnu99;
				GCC_DYNAMIC_NO_PIC = NO;
				GCC_NO_COMMON_BLOCKS = YES;
				GCC_OPTIMIZATION_LEVEL = 0;
				GCC_PREPROCESSOR_DEFINITIONS = (
					"DEBUG=1",
					"$(inherited)",
				);
				GCC_WARN_64_TO_32_BIT_CONVERSION = YES;
				GCC_WARN_ABOUT_RETURN_TYPE = YES_ERROR;
				GCC_WARN_UNDECLARED_SELECTOR = YES;
				GCC_WARN_UNINITIALIZED_AUTOS = YES_AGGRESSIVE;
				GCC_WARN_UNUSED_FUNCTION = YES;
				GCC_WARN_UNUSED_VARIABLE = YES;
				IPHONEOS_DEPLOYMENT_TARGET = 9.1;
				MTL_ENABLE_DEBUG_INFO = YES;
				ONLY_ACTIVE_ARCH = YES;
				SDKROOT = iphoneos;
				SWIFT_OPTIMIZATION_LEVEL = "-Onone";
			};
			name = Debug;
		};
		5F3FCAE31C1A0F41009A4E03 /* Release */ = {
			isa = XCBuildConfiguration;
			buildSettings = {
				ALWAYS_SEARCH_USER_PATHS = NO;
				CLANG_CXX_LANGUAGE_STANDARD = "gnu++0x";
				CLANG_CXX_LIBRARY = "libc++";
				CLANG_ENABLE_MODULES = YES;
				CLANG_ENABLE_OBJC_ARC = YES;
				CLANG_WARN_BOOL_CONVERSION = YES;
				CLANG_WARN_CONSTANT_CONVERSION = YES;
				CLANG_WARN_DIRECT_OBJC_ISA_USAGE = YES_ERROR;
				CLANG_WARN_EMPTY_BODY = YES;
				CLANG_WARN_ENUM_CONVERSION = YES;
				CLANG_WARN_INT_CONVERSION = YES;
				CLANG_WARN_OBJC_ROOT_CLASS = YES_ERROR;
				CLANG_WARN_UNREACHABLE_CODE = YES;
				CLANG_WARN__DUPLICATE_METHOD_MATCH = YES;
				"CODE_SIGN_IDENTITY[sdk=iphoneos*]" = "iPhone Developer";
				COPY_PHASE_STRIP = NO;
				DEBUG_INFORMATION_FORMAT = "dwarf-with-dsym";
				ENABLE_NS_ASSERTIONS = NO;
				ENABLE_STRICT_OBJC_MSGSEND = YES;
				GCC_C_LANGUAGE_STANDARD = gnu99;
				GCC_NO_COMMON_BLOCKS = YES;
				GCC_WARN_64_TO_32_BIT_CONVERSION = YES;
				GCC_WARN_ABOUT_RETURN_TYPE = YES_ERROR;
				GCC_WARN_UNDECLARED_SELECTOR = YES;
				GCC_WARN_UNINITIALIZED_AUTOS = YES_AGGRESSIVE;
				GCC_WARN_UNUSED_FUNCTION = YES;
				GCC_WARN_UNUSED_VARIABLE = YES;
				IPHONEOS_DEPLOYMENT_TARGET = 9.1;
				MTL_ENABLE_DEBUG_INFO = NO;
				SDKROOT = iphoneos;
				VALIDATE_PRODUCT = YES;
			};
			name = Release;
		};
		5F3FCAE51C1A0F41009A4E03 /* Debug */ = {
			isa = XCBuildConfiguration;
			buildSettings = {
				ASSETCATALOG_COMPILER_APPICON_NAME = AppIcon;
				INFOPLIST_FILE = miDiccionario/Info.plist;
				LD_RUNPATH_SEARCH_PATHS = "$(inherited) @executable_path/Frameworks";
				PRODUCT_BUNDLE_IDENTIFIER = org.egibide.miDiccionario;
				PRODUCT_NAME = "$(TARGET_NAME)";
			};
			name = Debug;
		};
		5F3FCAE61C1A0F41009A4E03 /* Release */ = {
			isa = XCBuildConfiguration;
			buildSettings = {
				ASSETCATALOG_COMPILER_APPICON_NAME = AppIcon;
				INFOPLIST_FILE = miDiccionario/Info.plist;
				LD_RUNPATH_SEARCH_PATHS = "$(inherited) @executable_path/Frameworks";
				PRODUCT_BUNDLE_IDENTIFIER = org.egibide.miDiccionario;
				PRODUCT_NAME = "$(TARGET_NAME)";
			};
			name = Release;
		};
/* End XCBuildConfiguration section */

/* Begin XCConfigurationList section */
		5F3FCACD1C1A0F41009A4E03 /* Build configuration list for PBXProject "miDiccionario" */ = {
			isa = XCConfigurationList;
			buildConfigurations = (
				5F3FCAE21C1A0F41009A4E03 /* Debug */,
				5F3FCAE31C1A0F41009A4E03 /* Release */,
			);
			defaultConfigurationIsVisible = 0;
			defaultConfigurationName = Release;
		};
		5F3FCAE41C1A0F41009A4E03 /* Build configuration list for PBXNativeTarget "miDiccionario" */ = {
			isa = XCConfigurationList;
			buildConfigurations = (
				5F3FCAE51C1A0F41009A4E03 /* Debug */,
				5F3FCAE61C1A0F41009A4E03 /* Release */,
			);
			defaultConfigurationIsVisible = 0;
		};
/* End XCConfigurationList section */
	};
	rootObject = 5F3FCACA1C1A0F41009A4E03 /* Project object */;
}
