// !$*UTF8*$!
{
	archiveVersion = 1;
	classes = {
	};
	objectVersion = 46;
	objects = {

/* Begin PBXBuildFile section */
		5F1E981D1C483389003F9EDF /* NuevoIdiomaViewController.swift in Sources */ = {isa = PBXBuildFile; fileRef = 5F1E981C1C483389003F9EDF /* NuevoIdiomaViewController.swift */; };
		5F4C63B51C4572A6005309F1 /* ListadoIdiomasViewController.swift in Sources */ = {isa = PBXBuildFile; fileRef = 5F4C63B41C4572A6005309F1 /* ListadoIdiomasViewController.swift */; };
		5F8985691C23367B00DC129A /* AppDelegate.swift in Sources */ = {isa = PBXBuildFile; fileRef = 5F8985681C23367B00DC129A /* AppDelegate.swift */; };
		5F89856E1C23367B00DC129A /* Main.storyboard in Resources */ = {isa = PBXBuildFile; fileRef = 5F89856C1C23367B00DC129A /* Main.storyboard */; };
		5F8985701C23367B00DC129A /* Assets.xcassets in Resources */ = {isa = PBXBuildFile; fileRef = 5F89856F1C23367B00DC129A /* Assets.xcassets */; };
		5F8985731C23367B00DC129A /* LaunchScreen.storyboard in Resources */ = {isa = PBXBuildFile; fileRef = 5F8985711C23367B00DC129A /* LaunchScreen.storyboard */; };
		5F89857B1C23389100DC129A /* ListadoTableViewControler.swift in Sources */ = {isa = PBXBuildFile; fileRef = 5F89857A1C23389100DC129A /* ListadoTableViewControler.swift */; };
		5F89857D1C2339AB00DC129A /* NuevaPalabraViewController.swift in Sources */ = {isa = PBXBuildFile; fileRef = 5F89857C1C2339AB00DC129A /* NuevaPalabraViewController.swift */; };
		5F89857F1C2339DC00DC129A /* diccionario.swift in Sources */ = {isa = PBXBuildFile; fileRef = 5F89857E1C2339DC00DC129A /* diccionario.swift */; };
		5FE109861C516058003E6CBC /* Almacen.swift in Sources */ = {isa = PBXBuildFile; fileRef = 5FE109851C516058003E6CBC /* Almacen.swift */; };
/* End PBXBuildFile section */

/* Begin PBXFileReference section */
		5F1E981C1C483389003F9EDF /* NuevoIdiomaViewController.swift */ = {isa = PBXFileReference; fileEncoding = 4; lastKnownFileType = sourcecode.swift; path = NuevoIdiomaViewController.swift; sourceTree = "<group>"; };
		5F4C63B41C4572A6005309F1 /* ListadoIdiomasViewController.swift */ = {isa = PBXFileReference; fileEncoding = 4; lastKnownFileType = sourcecode.swift; path = ListadoIdiomasViewController.swift; sourceTree = "<group>"; };
		5F8985651C23367B00DC129A /* DiccionarioAPP.app */ = {isa = PBXFileReference; explicitFileType = wrapper.application; includeInIndex = 0; path = DiccionarioAPP.app; sourceTree = BUILT_PRODUCTS_DIR; };
		5F8985681C23367B00DC129A /* AppDelegate.swift */ = {isa = PBXFileReference; lastKnownFileType = sourcecode.swift; path = AppDelegate.swift; sourceTree = "<group>"; };
		5F89856D1C23367B00DC129A /* Base */ = {isa = PBXFileReference; lastKnownFileType = file.storyboard; name = Base; path = Base.lproj/Main.storyboard; sourceTree = "<group>"; };
		5F89856F1C23367B00DC129A /* Assets.xcassets */ = {isa = PBXFileReference; lastKnownFileType = folder.assetcatalog; path = Assets.xcassets; sourceTree = "<group>"; };
		5F8985721C23367B00DC129A /* Base */ = {isa = PBXFileReference; lastKnownFileType = file.storyboard; name = Base; path = Base.lproj/LaunchScreen.storyboard; sourceTree = "<group>"; };
		5F8985741C23367B00DC129A /* Info.plist */ = {isa = PBXFileReference; lastKnownFileType = text.plist.xml; path = Info.plist; sourceTree = "<group>"; };
		5F89857A1C23389100DC129A /* ListadoTableViewControler.swift */ = {isa = PBXFileReference; fileEncoding = 4; lastKnownFileType = sourcecode.swift; path = ListadoTableViewControler.swift; sourceTree = "<group>"; };
		5F89857C1C2339AB00DC129A /* NuevaPalabraViewController.swift */ = {isa = PBXFileReference; fileEncoding = 4; lastKnownFileType = sourcecode.swift; path = NuevaPalabraViewController.swift; sourceTree = "<group>"; };
		5F89857E1C2339DC00DC129A /* diccionario.swift */ = {isa = PBXFileReference; fileEncoding = 4; lastKnownFileType = sourcecode.swift; path = diccionario.swift; sourceTree = "<group>"; };
		5FE109851C516058003E6CBC /* Almacen.swift */ = {isa = PBXFileReference; fileEncoding = 4; lastKnownFileType = sourcecode.swift; path = Almacen.swift; sourceTree = "<group>"; };
/* End PBXFileReference section */

/* Begin PBXFrameworksBuildPhase section */
		5F8985621C23367B00DC129A /* Frameworks */ = {
			isa = PBXFrameworksBuildPhase;
			buildActionMask = 2147483647;
			files = (
			);
			runOnlyForDeploymentPostprocessing = 0;
		};
/* End PBXFrameworksBuildPhase section */

/* Begin PBXGroup section */
		5F89855C1C23367B00DC129A = {
			isa = PBXGroup;
			children = (
				5F8985671C23367B00DC129A /* DiccionarioAPP */,
				5F8985661C23367B00DC129A /* Products */,
			);
			sourceTree = "<group>";
		};
		5F8985661C23367B00DC129A /* Products */ = {
			isa = PBXGroup;
			children = (
				5F8985651C23367B00DC129A /* DiccionarioAPP.app */,
			);
			name = Products;
			sourceTree = "<group>";
		};
		5F8985671C23367B00DC129A /* DiccionarioAPP */ = {
			isa = PBXGroup;
			children = (
				5F8985681C23367B00DC129A /* AppDelegate.swift */,
				5F89856C1C23367B00DC129A /* Main.storyboard */,
				5F89856F1C23367B00DC129A /* Assets.xcassets */,
				5F8985711C23367B00DC129A /* LaunchScreen.storyboard */,
				5F8985741C23367B00DC129A /* Info.plist */,
				5F89857A1C23389100DC129A /* ListadoTableViewControler.swift */,
				5F89857C1C2339AB00DC129A /* NuevaPalabraViewController.swift */,
				5F89857E1C2339DC00DC129A /* diccionario.swift */,
				5F4C63B41C4572A6005309F1 /* ListadoIdiomasViewController.swift */,
				5F1E981C1C483389003F9EDF /* NuevoIdiomaViewController.swift */,
				5FE109851C516058003E6CBC /* Almacen.swift */,
			);
			path = DiccionarioAPP;
			sourceTree = "<group>";
		};
/* End PBXGroup section */

/* Begin PBXNativeTarget section */
		5F8985641C23367B00DC129A /* DiccionarioAPP */ = {
			isa = PBXNativeTarget;
			buildConfigurationList = 5F8985771C23367B00DC129A /* Build configuration list for PBXNativeTarget "DiccionarioAPP" */;
			buildPhases = (
				5F8985611C23367B00DC129A /* Sources */,
				5F8985621C23367B00DC129A /* Frameworks */,
				5F8985631C23367B00DC129A /* Resources */,
			);
			buildRules = (
			);
			dependencies = (
			);
			name = DiccionarioAPP;
			productName = DiccionarioAPP;
			productReference = 5F8985651C23367B00DC129A /* DiccionarioAPP.app */;
			productType = "com.apple.product-type.application";
		};
/* End PBXNativeTarget section */

/* Begin PBXProject section */
		5F89855D1C23367B00DC129A /* Project object */ = {
			isa = PBXProject;
			attributes = {
				LastSwiftUpdateCheck = 0710;
				LastUpgradeCheck = 0710;
				ORGANIZATIONNAME = Egibide;
				TargetAttributes = {
					5F8985641C23367B00DC129A = {
						CreatedOnToolsVersion = 7.1;
					};
				};
			};
			buildConfigurationList = 5F8985601C23367B00DC129A /* Build configuration list for PBXProject "DiccionarioAPP" */;
			compatibilityVersion = "Xcode 3.2";
			developmentRegion = English;
			hasScannedForEncodings = 0;
			knownRegions = (
				en,
				Base,
			);
			mainGroup = 5F89855C1C23367B00DC129A;
			productRefGroup = 5F8985661C23367B00DC129A /* Products */;
			projectDirPath = "";
			projectRoot = "";
			targets = (
				5F8985641C23367B00DC129A /* DiccionarioAPP */,
			);
		};
/* End PBXProject section */

/* Begin PBXResourcesBuildPhase section */
		5F8985631C23367B00DC129A /* Resources */ = {
			isa = PBXResourcesBuildPhase;
			buildActionMask = 2147483647;
			files = (
				5F8985731C23367B00DC129A /* LaunchScreen.storyboard in Resources */,
				5F8985701C23367B00DC129A /* Assets.xcassets in Resources */,
				5F89856E1C23367B00DC129A /* Main.storyboard in Resources */,
			);
			runOnlyForDeploymentPostprocessing = 0;
		};
/* End PBXResourcesBuildPhase section */

/* Begin PBXSourcesBuildPhase section */
		5F8985611C23367B00DC129A /* Sources */ = {
			isa = PBXSourcesBuildPhase;
			buildActionMask = 2147483647;
			files = (
				5F89857F1C2339DC00DC129A /* diccionario.swift in Sources */,
				5F4C63B51C4572A6005309F1 /* ListadoIdiomasViewController.swift in Sources */,
				5F89857D1C2339AB00DC129A /* NuevaPalabraViewController.swift in Sources */,
				5F89857B1C23389100DC129A /* ListadoTableViewControler.swift in Sources */,
				5FE109861C516058003E6CBC /* Almacen.swift in Sources */,
				5F8985691C23367B00DC129A /* AppDelegate.swift in Sources */,
				5F1E981D1C483389003F9EDF /* NuevoIdiomaViewController.swift in Sources */,
			);
			runOnlyForDeploymentPostprocessing = 0;
		};
/* End PBXSourcesBuildPhase section */

/* Begin PBXVariantGroup section */
		5F89856C1C23367B00DC129A /* Main.storyboard */ = {
			isa = PBXVariantGroup;
			children = (
				5F89856D1C23367B00DC129A /* Base */,
			);
			name = Main.storyboard;
			sourceTree = "<group>";
		};
		5F8985711C23367B00DC129A /* LaunchScreen.storyboard */ = {
			isa = PBXVariantGroup;
			children = (
				5F8985721C23367B00DC129A /* Base */,
			);
			name = LaunchScreen.storyboard;
			sourceTree = "<group>";
		};
/* End PBXVariantGroup section */

/* Begin XCBuildConfiguration section */
		5F8985751C23367B00DC129A /* Debug */ = {
			isa = XCBuildConfiguration;
			buildSettings = {
				ALWAYS_SEARCH_USER_PATHS = NO;
				CLANG_CXX_LANGUAGE_STANDARD = "gnu++0x";
				CLANG_CXX_LIBRARY = "libc++";
				CLANG_ENABLE_MODULES = YES;
				CLANG_ENABLE_OBJC_ARC = YES;
				CLANG_WARN_BOOL_CONVERSION = YES;
				CLANG_WARN_CONSTANT_CONVERSION = YES;
				CLANG_WARN_DIRECT_OBJC_ISA_USAGE = YES_ERROR;
				CLANG_WARN_EMPTY_BODY = YES;
				CLANG_WARN_ENUM_CONVERSION = YES;
				CLANG_WARN_INT_CONVERSION = YES;
				CLANG_WARN_OBJC_ROOT_CLASS = YES_ERROR;
				CLANG_WARN_UNREACHABLE_CODE = YES;
				CLANG_WARN__DUPLICATE_METHOD_MATCH = YES;
				"CODE_SIGN_IDENTITY[sdk=iphoneos*]" = "iPhone Developer";
				COPY_PHASE_STRIP = NO;
				DEBUG_INFORMATION_FORMAT = dwarf;
				ENABLE_STRICT_OBJC_MSGSEND = YES;
				ENABLE_TESTABILITY = YES;
				GCC_C_LANGUAGE_STANDARD = gnu99;
				GCC_DYNAMIC_NO_PIC = NO;
				GCC_NO_COMMON_BLOCKS = YES;
				GCC_OPTIMIZATION_LEVEL = 0;
				GCC_PREPROCESSOR_DEFINITIONS = (
					"DEBUG=1",
					"$(inherited)",
				);
				GCC_WARN_64_TO_32_BIT_CONVERSION = YES;
				GCC_WARN_ABOUT_RETURN_TYPE = YES_ERROR;
				GCC_WARN_UNDECLARED_SELECTOR = YES;
				GCC_WARN_UNINITIALIZED_AUTOS = YES_AGGRESSIVE;
				GCC_WARN_UNUSED_FUNCTION = YES;
				GCC_WARN_UNUSED_VARIABLE = YES;
				IPHONEOS_DEPLOYMENT_TARGET = 9.1;
				MTL_ENABLE_DEBUG_INFO = YES;
				ONLY_ACTIVE_ARCH = YES;
				SDKROOT = iphoneos;
				SWIFT_OPTIMIZATION_LEVEL = "-Onone";
			};
			name = Debug;
		};
		5F8985761C23367B00DC129A /* Release */ = {
			isa = XCBuildConfiguration;
			buildSettings = {
				ALWAYS_SEARCH_USER_PATHS = NO;
				CLANG_CXX_LANGUAGE_STANDARD = "gnu++0x";
				CLANG_CXX_LIBRARY = "libc++";
				CLANG_ENABLE_MODULES = YES;
				CLANG_ENABLE_OBJC_ARC = YES;
				CLANG_WARN_BOOL_CONVERSION = YES;
				CLANG_WARN_CONSTANT_CONVERSION = YES;
				CLANG_WARN_DIRECT_OBJC_ISA_USAGE = YES_ERROR;
				CLANG_WARN_EMPTY_BODY = YES;
				CLANG_WARN_ENUM_CONVERSION = YES;
				CLANG_WARN_INT_CONVERSION = YES;
				CLANG_WARN_OBJC_ROOT_CLASS = YES_ERROR;
				CLANG_WARN_UNREACHABLE_CODE = YES;
				CLANG_WARN__DUPLICATE_METHOD_MATCH = YES;
				"CODE_SIGN_IDENTITY[sdk=iphoneos*]" = "iPhone Developer";
				COPY_PHASE_STRIP = NO;
				DEBUG_INFORMATION_FORMAT = "dwarf-with-dsym";
				ENABLE_NS_ASSERTIONS = NO;
				ENABLE_STRICT_OBJC_MSGSEND = YES;
				GCC_C_LANGUAGE_STANDARD = gnu99;
				GCC_NO_COMMON_BLOCKS = YES;
				GCC_WARN_64_TO_32_BIT_CONVERSION = YES;
				GCC_WARN_ABOUT_RETURN_TYPE = YES_ERROR;
				GCC_WARN_UNDECLARED_SELECTOR = YES;
				GCC_WARN_UNINITIALIZED_AUTOS = YES_AGGRESSIVE;
				GCC_WARN_UNUSED_FUNCTION = YES;
				GCC_WARN_UNUSED_VARIABLE = YES;
				IPHONEOS_DEPLOYMENT_TARGET = 9.1;
				MTL_ENABLE_DEBUG_INFO = NO;
				SDKROOT = iphoneos;
				VALIDATE_PRODUCT = YES;
			};
			name = Release;
		};
		5F8985781C23367B00DC129A /* Debug */ = {
			isa = XCBuildConfiguration;
			buildSettings = {
				ASSETCATALOG_COMPILER_APPICON_NAME = AppIcon;
				INFOPLIST_FILE = DiccionarioAPP/Info.plist;
				LD_RUNPATH_SEARCH_PATHS = "$(inherited) @executable_path/Frameworks";
				PRODUCT_BUNDLE_IDENTIFIER = org.egibide.DiccionarioAPP;
				PRODUCT_NAME = "$(TARGET_NAME)";
			};
			name = Debug;
		};
		5F8985791C23367B00DC129A /* Release */ = {
			isa = XCBuildConfiguration;
			buildSettings = {
				ASSETCATALOG_COMPILER_APPICON_NAME = AppIcon;
				INFOPLIST_FILE = DiccionarioAPP/Info.plist;
				LD_RUNPATH_SEARCH_PATHS = "$(inherited) @executable_path/Frameworks";
				PRODUCT_BUNDLE_IDENTIFIER = org.egibide.DiccionarioAPP;
				PRODUCT_NAME = "$(TARGET_NAME)";
			};
			name = Release;
		};
/* End XCBuildConfiguration section */

/* Begin XCConfigurationList section */
		5F8985601C23367B00DC129A /* Build configuration list for PBXProject "DiccionarioAPP" */ = {
			isa = XCConfigurationList;
			buildConfigurations = (
				5F8985751C23367B00DC129A /* Debug */,
				5F8985761C23367B00DC129A /* Release */,
			);
			defaultConfigurationIsVisible = 0;
			defaultConfigurationName = Release;
		};
		5F8985771C23367B00DC129A /* Build configuration list for PBXNativeTarget "DiccionarioAPP" */ = {
			isa = XCConfigurationList;
			buildConfigurations = (
				5F8985781C23367B00DC129A /* Debug */,
				5F8985791C23367B00DC129A /* Release */,
			);
			defaultConfigurationIsVisible = 0;
			defaultConfigurationName = Release;
		};
/* End XCConfigurationList section */
	};
	rootObject = 5F89855D1C23367B00DC129A /* Project object */;
}
